
Microsoft Visual Studio Solution File, Format Version 12.00
# Visual Studio Version 17
VisualStudioVersion = 17.8.34330.188
MinimumVisualStudioVersion = 10.0.40219.1
Project("{888888A0-9F3D-457C-B088-3A5042F75D52}") = "visualTrader", "visualTrader.pyproj", "{450E3C0A-CC2A-4815-8D47-A689695019F3}"
EndProject
Global
	GlobalSection(SolutionConfigurationPlatforms) = preSolution
		Debug|Any CPU = Debug|Any CPU
		Release|Any CPU = Release|Any CPU
	EndGlobalSection
	GlobalSection(ProjectConfigurationPlatforms) = postSolution
		{450E3C0A-CC2A-4815-8D47-A689695019F3}.Debug|Any CPU.ActiveCfg = Debug|Any CPU
		{450E3C0A-CC2A-4815-8D47-A689695019F3}.Release|Any CPU.ActiveCfg = Release|Any CPU
	EndGlobalSection
	GlobalSection(SolutionProperties) = preSolution
		HideSolutionNode = FALSE
	EndGlobalSection
	GlobalSection(ExtensibilityGlobals) = postSolution
		SolutionGuid = {86B579A2-0C25-4432-84D8-2B240F8C722F}
	EndGlobalSection
EndGlobal
